
Microsoft Visual Studio Solution File, Format Version 12.00
Project("{FAE04EC0-301F-11D3-BF4B-00C04F79EFBC}") = "ClockProject", "ClockProject\ClockProject.csproj", "{9CA562FC-A8DA-447A-B470-A24F6EF87EFB}"
EndProject
Global
	GlobalSection(SolutionConfigurationPlatforms) = preSolution
		Debug|Any CPU = Debug|Any CPU
		Release|Any CPU = Release|Any CPU
	EndGlobalSection
	GlobalSection(ProjectConfigurationPlatforms) = postSolution
		{9CA562FC-A8DA-447A-B470-A24F6EF87EFB}.Debug|Any CPU.ActiveCfg = Debug|Any CPU
		{9CA562FC-A8DA-447A-B470-A24F6EF87EFB}.Debug|Any CPU.Build.0 = Debug|Any CPU
		{9CA562FC-A8DA-447A-B470-A24F6EF87EFB}.Release|Any CPU.ActiveCfg = Release|Any CPU
		{9CA562FC-A8DA-447A-B470-A24F6EF87EFB}.Release|Any CPU.Build.0 = Release|Any CPU
	EndGlobalSection
EndGlobal
